
Microsoft Visual Studio Solution File, Format Version 12.00
# Visual Studio Version 17
VisualStudioVersion = 17.7.34202.233
MinimumVisualStudioVersion = 10.0.40219.1
Project("{FAE04EC0-301F-11D3-BF4B-00C04F79EFBC}") = "CRUDusing_EF", "CRUDusing_EF\CRUDusing_EF.csproj", "{8A11192A-F8D1-45C1-8488-E73E095B3C05}"
EndProject
Global
	GlobalSection(SolutionConfigurationPlatforms) = preSolution
		Debug|Any CPU = Debug|Any CPU
		Release|Any CPU = Release|Any CPU
	EndGlobalSection
	GlobalSection(ProjectConfigurationPlatforms) = postSolution
		{8A11192A-F8D1-45C1-8488-E73E095B3C05}.Debug|Any CPU.ActiveCfg = Debug|Any CPU
		{8A11192A-F8D1-45C1-8488-E73E095B3C05}.Debug|Any CPU.Build.0 = Debug|Any CPU
		{8A11192A-F8D1-45C1-8488-E73E095B3C05}.Release|Any CPU.ActiveCfg = Release|Any CPU
		{8A11192A-F8D1-45C1-8488-E73E095B3C05}.Release|Any CPU.Build.0 = Release|Any CPU
	EndGlobalSection
	GlobalSection(SolutionProperties) = preSolution
		HideSolutionNode = FALSE
	EndGlobalSection
	GlobalSection(ExtensibilityGlobals) = postSolution
		SolutionGuid = {8F539D19-F9C3-49D4-A006-64D7EFD11FEE}
	EndGlobalSection
EndGlobal
